
Microsoft Visual Studio Solution File, Format Version 12.00
# Visual Studio Version 17
VisualStudioVersion = 17.1.32414.318
MinimumVisualStudioVersion = 10.0.40219.1
Project("{9A19103F-16F7-4668-BE54-9A1E7A4F7556}") = "UiSon.Element", "UiSon.Element\UiSon.Element.csproj", "{ABB7984A-741C-49ED-971E-E6D854660E10}"
EndProject
Project("{9A19103F-16F7-4668-BE54-9A1E7A4F7556}") = "UiSon.Extension", "UiSon.Extension\UiSon.Extension.csproj", "{F5BC4638-011D-4E0D-B4E4-DF80702D26A5}"
EndProject
Project("{9A19103F-16F7-4668-BE54-9A1E7A4F7556}") = "UiSon.ViewModel", "UiSon.ViewModel\UiSon.ViewModel.csproj", "{162A872C-1E91-40A9-9879-42A90AA43D6A}"
EndProject
Project("{9A19103F-16F7-4668-BE54-9A1E7A4F7556}") = "UiSon.ViewModel.Interface", "UiSon.ViewModel.Interface\UiSon.ViewModel.Interface.csproj", "{94445278-A061-4F14-8CB5-8F99908308E3}"
EndProject
Project("{9A19103F-16F7-4668-BE54-9A1E7A4F7556}") = "UiSon.Event", "UiSon.Event\UiSon.Event.csproj", "{C8EB1E47-3CEC-4A85-8A6D-414E18CA4D24}"
EndProject
Project("{9A19103F-16F7-4668-BE54-9A1E7A4F7556}") = "UiSon.Command", "UiSon.Command\UiSon.Command.csproj", "{53BFD79D-A658-4348-B821-1A22534F6114}"
EndProject
Project("{9A19103F-16F7-4668-BE54-9A1E7A4F7556}") = "UiSon.Test", "UiSon.Test\UiSon.Test.csproj", "{0DAF4FFF-CD82-4402-BF16-37560BB4AD11}"
EndProject
Project("{9A19103F-16F7-4668-BE54-9A1E7A4F7556}") = "UiSon.Notify", "UiSon.Notifier\UiSon.Notify.csproj", "{30A0915C-ED7C-4004-B78E-DB9B325F3F7E}"
EndProject
Project("{9A19103F-16F7-4668-BE54-9A1E7A4F7556}") = "UiSon.Converter", "UiSon.Converter\UiSon.Converter.csproj", "{954A41A3-50BD-45F3-BDF6-FE65D8258743}"
EndProject
Project("{9A19103F-16F7-4668-BE54-9A1E7A4F7556}") = "UiSon.Attribute", "UiSon.Attribute\UiSon.Attribute.csproj", "{6FBD1806-A9BD-40F2-96CD-752901AB54FE}"
EndProject
Project("{9A19103F-16F7-4668-BE54-9A1E7A4F7556}") = "UiSon", "UiSon\UiSon.csproj", "{619CFDFF-D43D-479A-AF42-E0E02AF9C6AF}"
EndProject
Project("{9A19103F-16F7-4668-BE54-9A1E7A4F7556}") = "UiSon.Resource", "UiSon.Resource\UiSon.Resource.csproj", "{B2FEC706-11E8-4091-BDCE-B85D1376BE98}"
EndProject
Project("{9A19103F-16F7-4668-BE54-9A1E7A4F7556}") = "UiSon.View", "UiSon.View\UiSon.View.csproj", "{21E4626F-1391-49CD-ACD0-17E18CC9F1F4}"
EndProject
Project("{9A19103F-16F7-4668-BE54-9A1E7A4F7556}") = "UiSon.View.Interface", "UiSon.View.Interface\UiSon.View.Interface.csproj", "{EA60D9C7-BD8F-4EA5-9D46-8F3223B1CE1C}"
EndProject
Project("{9A19103F-16F7-4668-BE54-9A1E7A4F7556}") = "UiSon.Notify.Interface", "UiSon.Notifier.Interface\UiSon.Notify.Interface.csproj", "{ADE501D7-A28E-4E19-8780-F5033210A7D7}"
EndProject
Project("{54435603-DBB4-11D2-8724-00A0C9A8B90C}") = "Uison.Setupx86", "Uison.Setup\Uison.Setup.vdproj", "{30F648F1-4966-49F4-9207-772C54EC81F9}"
EndProject
Global
	GlobalSection(SolutionConfigurationPlatforms) = preSolution
		Debug|Any CPU = Debug|Any CPU
		Release|Any CPU = Release|Any CPU
	EndGlobalSection
	GlobalSection(ProjectConfigurationPlatforms) = postSolution
		{ABB7984A-741C-49ED-971E-E6D854660E10}.Debug|Any CPU.ActiveCfg = Debug|Any CPU
		{ABB7984A-741C-49ED-971E-E6D854660E10}.Debug|Any CPU.Build.0 = Debug|Any CPU
		{ABB7984A-741C-49ED-971E-E6D854660E10}.Release|Any CPU.ActiveCfg = Release|Any CPU
		{ABB7984A-741C-49ED-971E-E6D854660E10}.Release|Any CPU.Build.0 = Release|Any CPU
		{F5BC4638-011D-4E0D-B4E4-DF80702D26A5}.Debug|Any CPU.ActiveCfg = Debug|Any CPU
		{F5BC4638-011D-4E0D-B4E4-DF80702D26A5}.Debug|Any CPU.Build.0 = Debug|Any CPU
		{F5BC4638-011D-4E0D-B4E4-DF80702D26A5}.Release|Any CPU.ActiveCfg = Release|Any CPU
		{F5BC4638-011D-4E0D-B4E4-DF80702D26A5}.Release|Any CPU.Build.0 = Release|Any CPU
		{162A872C-1E91-40A9-9879-42A90AA43D6A}.Debug|Any CPU.ActiveCfg = Debug|Any CPU
		{162A872C-1E91-40A9-9879-42A90AA43D6A}.Debug|Any CPU.Build.0 = Debug|Any CPU
		{162A872C-1E91-40A9-9879-42A90AA43D6A}.Release|Any CPU.ActiveCfg = Release|Any CPU
		{162A872C-1E91-40A9-9879-42A90AA43D6A}.Release|Any CPU.Build.0 = Release|Any CPU
		{94445278-A061-4F14-8CB5-8F99908308E3}.Debug|Any CPU.ActiveCfg = Debug|Any CPU
		{94445278-A061-4F14-8CB5-8F99908308E3}.Debug|Any CPU.Build.0 = Debug|Any CPU
		{94445278-A061-4F14-8CB5-8F99908308E3}.Release|Any CPU.ActiveCfg = Release|Any CPU
		{94445278-A061-4F14-8CB5-8F99908308E3}.Release|Any CPU.Build.0 = Release|Any CPU
		{C8EB1E47-3CEC-4A85-8A6D-414E18CA4D24}.Debug|Any CPU.ActiveCfg = Debug|Any CPU
		{C8EB1E47-3CEC-4A85-8A6D-414E18CA4D24}.Debug|Any CPU.Build.0 = Debug|Any CPU
		{C8EB1E47-3CEC-4A85-8A6D-414E18CA4D24}.Release|Any CPU.ActiveCfg = Release|Any CPU
		{C8EB1E47-3CEC-4A85-8A6D-414E18CA4D24}.Release|Any CPU.Build.0 = Release|Any CPU
		{53BFD79D-A658-4348-B821-1A22534F6114}.Debug|Any CPU.ActiveCfg = Debug|Any CPU
		{53BFD79D-A658-4348-B821-1A22534F6114}.Debug|Any CPU.Build.0 = Debug|Any CPU
		{53BFD79D-A658-4348-B821-1A22534F6114}.Release|Any CPU.ActiveCfg = Release|Any CPU
		{53BFD79D-A658-4348-B821-1A22534F6114}.Release|Any CPU.Build.0 = Release|Any CPU
		{0DAF4FFF-CD82-4402-BF16-37560BB4AD11}.Debug|Any CPU.ActiveCfg = Debug|Any CPU
		{0DAF4FFF-CD82-4402-BF16-37560BB4AD11}.Debug|Any CPU.Build.0 = Debug|Any CPU
		{0DAF4FFF-CD82-4402-BF16-37560BB4AD11}.Release|Any CPU.ActiveCfg = Release|Any CPU
		{30A0915C-ED7C-4004-B78E-DB9B325F3F7E}.Debug|Any CPU.ActiveCfg = Debug|Any CPU
		{30A0915C-ED7C-4004-B78E-DB9B325F3F7E}.Debug|Any CPU.Build.0 = Debug|Any CPU
		{30A0915C-ED7C-4004-B78E-DB9B325F3F7E}.Release|Any CPU.ActiveCfg = Release|Any CPU
		{30A0915C-ED7C-4004-B78E-DB9B325F3F7E}.Release|Any CPU.Build.0 = Release|Any CPU
		{954A41A3-50BD-45F3-BDF6-FE65D8258743}.Debug|Any CPU.ActiveCfg = Debug|Any CPU
		{954A41A3-50BD-45F3-BDF6-FE65D8258743}.Debug|Any CPU.Build.0 = Debug|Any CPU
		{954A41A3-50BD-45F3-BDF6-FE65D8258743}.Release|Any CPU.ActiveCfg = Release|Any CPU
		{954A41A3-50BD-45F3-BDF6-FE65D8258743}.Release|Any CPU.Build.0 = Release|Any CPU
		{6FBD1806-A9BD-40F2-96CD-752901AB54FE}.Debug|Any CPU.ActiveCfg = Debug|Any CPU
		{6FBD1806-A9BD-40F2-96CD-752901AB54FE}.Debug|Any CPU.Build.0 = Debug|Any CPU
		{6FBD1806-A9BD-40F2-96CD-752901AB54FE}.Release|Any CPU.ActiveCfg = Release|Any CPU
		{6FBD1806-A9BD-40F2-96CD-752901AB54FE}.Release|Any CPU.Build.0 = Release|Any CPU
		{619CFDFF-D43D-479A-AF42-E0E02AF9C6AF}.Debug|Any CPU.ActiveCfg = Debug|Any CPU
		{619CFDFF-D43D-479A-AF42-E0E02AF9C6AF}.Debug|Any CPU.Build.0 = Debug|Any CPU
		{619CFDFF-D43D-479A-AF42-E0E02AF9C6AF}.Release|Any CPU.ActiveCfg = Release|Any CPU
		{619CFDFF-D43D-479A-AF42-E0E02AF9C6AF}.Release|Any CPU.Build.0 = Release|Any CPU
		{B2FEC706-11E8-4091-BDCE-B85D1376BE98}.Debug|Any CPU.ActiveCfg = Debug|Any CPU
		{B2FEC706-11E8-4091-BDCE-B85D1376BE98}.Debug|Any CPU.Build.0 = Debug|Any CPU
		{B2FEC706-11E8-4091-BDCE-B85D1376BE98}.Release|Any CPU.ActiveCfg = Release|Any CPU
		{B2FEC706-11E8-4091-BDCE-B85D1376BE98}.Release|Any CPU.Build.0 = Release|Any CPU
		{21E4626F-1391-49CD-ACD0-17E18CC9F1F4}.Debug|Any CPU.ActiveCfg = Debug|Any CPU
		{21E4626F-1391-49CD-ACD0-17E18CC9F1F4}.Debug|Any CPU.Build.0 = Debug|Any CPU
		{21E4626F-1391-49CD-ACD0-17E18CC9F1F4}.Release|Any CPU.ActiveCfg = Release|Any CPU
		{21E4626F-1391-49CD-ACD0-17E18CC9F1F4}.Release|Any CPU.Build.0 = Release|Any CPU
		{EA60D9C7-BD8F-4EA5-9D46-8F3223B1CE1C}.Debug|Any CPU.ActiveCfg = Debug|Any CPU
		{EA60D9C7-BD8F-4EA5-9D46-8F3223B1CE1C}.Debug|Any CPU.Build.0 = Debug|Any CPU
		{EA60D9C7-BD8F-4EA5-9D46-8F3223B1CE1C}.Release|Any CPU.ActiveCfg = Release|Any CPU
		{EA60D9C7-BD8F-4EA5-9D46-8F3223B1CE1C}.Release|Any CPU.Build.0 = Release|Any CPU
		{ADE501D7-A28E-4E19-8780-F5033210A7D7}.Debug|Any CPU.ActiveCfg = Debug|Any CPU
		{ADE501D7-A28E-4E19-8780-F5033210A7D7}.Debug|Any CPU.Build.0 = Debug|Any CPU
		{ADE501D7-A28E-4E19-8780-F5033210A7D7}.Release|Any CPU.ActiveCfg = Release|Any CPU
		{ADE501D7-A28E-4E19-8780-F5033210A7D7}.Release|Any CPU.Build.0 = Release|Any CPU
		{30F648F1-4966-49F4-9207-772C54EC81F9}.Debug|Any CPU.ActiveCfg = Debug
		{30F648F1-4966-49F4-9207-772C54EC81F9}.Release|Any CPU.ActiveCfg = Release
	EndGlobalSection
	GlobalSection(SolutionProperties) = preSolution
		HideSolutionNode = FALSE
	EndGlobalSection
	GlobalSection(ExtensibilityGlobals) = postSolution
		SolutionGuid = {9F3FC09F-2C47-4A15-B278-CF9B9819E0DD}
	EndGlobalSection
EndGlobal
